# This file is automatically @generated by Poetry 1.5.1 and should not be changed by hand.

[[package]]
name = "u-msgpack-python"
version = "2.8.0"
description = "A portable, lightweight MessagePack serializer and deserializer written in pure Python."
optional = false
python-versions = "*"
files = [
    {file = "u-msgpack-python-2.8.0.tar.gz", hash = "sha256:b801a83d6ed75e6df41e44518b4f2a9c221dc2da4bcd5380e3a0feda520bc61a"},
    {file = "u_msgpack_python-2.8.0-py2.py3-none-any.whl", hash = "sha256:1d853d33e78b72c4228a2025b4db28cda81214076e5b0422ed0ae1b1b2bb586a"},
]

[metadata]
lock-version = "2.0"
python-versions = "^3.12"
content-hash = "ba7fb0ef0f8b19a0c45a06241746971ff720d59223d0f65f62dce6465c5b8f74"
